
Microsoft Visual Studio Solution File, Format Version 12.00
# Visual Studio Version 17
VisualStudioVersion = 17.0.31903.59
MinimumVisualStudioVersion = 10.0.40219.1
Project("{FAE04EC0-301F-11D3-BF4B-00C04F79EFBC}") = "LibertyRoute.Core", "src\LibertyRoute.Core\LibertyRoute.Core.csproj", "{1D4D6E27-C219-4E3E-8C03-8CF93264ED4D}"
EndProject
Project("{FAE04EC0-301F-11D3-BF4B-00C04F79EFBC}") = "LibertyRoute.Networking", "src\LibertyRoute.Networking\LibertyRoute.Networking.csproj", "{1C3BB943-8C31-409C-8436-D11DA9D672A9}"
EndProject
Project("{FAE04EC0-301F-11D3-BF4B-00C04F79EFBC}") = "LibertyRoute.Recovery", "src\LibertyRoute.Recovery\LibertyRoute.Recovery.csproj", "{D803F952-A8E6-405F-8B8B-CB00B13697F5}"
EndProject
Project("{FAE04EC0-301F-11D3-BF4B-00C04F79EFBC}") = "LibertyRoute.Engine", "src\LibertyRoute.Engine\LibertyRoute.Engine.csproj", "{92A7AD95-7D8C-419D-9782-3F4B4B00B8AF}"
EndProject
Project("{FAE04EC0-301F-11D3-BF4B-00C04F79EFBC}") = "LibertyRoute.Service", "src\LibertyRoute.Service\LibertyRoute.Service.csproj", "{4F97AEEB-0202-4E79-A013-413F4C88D24B}"
EndProject
Project("{FAE04EC0-301F-11D3-BF4B-00C04F79EFBC}") = "LibertyRoute.Desktop", "src\LibertyRoute.Desktop\LibertyRoute.Desktop.csproj", "{60D3C063-D65C-4776-9578-89CF2384B8B7}"
EndProject
Project("{2150E333-8FDC-42A3-9474-1A3956D46DE8}") = "src", "src", "{827E0CD3-B72D-47B6-A68D-7590B98EB39B}"
EndProject
Project("{FAE04EC0-301F-11D3-BF4B-00C04F79EFBC}") = "LibertyRoute.Restoration", "src\LibertyRoute.Restoration\LibertyRoute.Restoration.csproj", "{05DE4974-475A-4964-99C8-6193B833C5C1}"
EndProject
Project("{FAE04EC0-301F-11D3-BF4B-00C04F79EFBC}") = "LibertyRoute.Restoration.Tests", "src\LibertyRoute.Restoration.Tests\LibertyRoute.Restoration.Tests.csproj", "{A35EC9FF-05D8-4CF7-A88B-9C9BD5D7A0B9}"
EndProject
Project("{FAE04EC0-301F-11D3-BF4B-00C04F79EFBC}") = "LibertyRoute.Restoration.Windows", "src\LibertyRoute.Restoration.Windows\LibertyRoute.Restoration.Windows.csproj", "{AFE0AF23-D319-474B-B4DD-A410963E5EC8}"
EndProject
Global
	GlobalSection(SolutionConfigurationPlatforms) = preSolution
		Debug|Any CPU = Debug|Any CPU
		Debug|x64 = Debug|x64
		Debug|x86 = Debug|x86
		Release|Any CPU = Release|Any CPU
		Release|x64 = Release|x64
		Release|x86 = Release|x86
	EndGlobalSection
	GlobalSection(ProjectConfigurationPlatforms) = postSolution
		{1D4D6E27-C219-4E3E-8C03-8CF93264ED4D}.Debug|Any CPU.ActiveCfg = Debug|Any CPU
		{1D4D6E27-C219-4E3E-8C03-8CF93264ED4D}.Debug|Any CPU.Build.0 = Debug|Any CPU
		{1D4D6E27-C219-4E3E-8C03-8CF93264ED4D}.Debug|x64.ActiveCfg = Debug|Any CPU
		{1D4D6E27-C219-4E3E-8C03-8CF93264ED4D}.Debug|x64.Build.0 = Debug|Any CPU
		{1D4D6E27-C219-4E3E-8C03-8CF93264ED4D}.Debug|x86.ActiveCfg = Debug|Any CPU
		{1D4D6E27-C219-4E3E-8C03-8CF93264ED4D}.Debug|x86.Build.0 = Debug|Any CPU
		{1D4D6E27-C219-4E3E-8C03-8CF93264ED4D}.Release|Any CPU.ActiveCfg = Release|Any CPU
		{1D4D6E27-C219-4E3E-8C03-8CF93264ED4D}.Release|Any CPU.Build.0 = Release|Any CPU
		{1D4D6E27-C219-4E3E-8C03-8CF93264ED4D}.Release|x64.ActiveCfg = Release|Any CPU
		{1D4D6E27-C219-4E3E-8C03-8CF93264ED4D}.Release|x64.Build.0 = Release|Any CPU
		{1D4D6E27-C219-4E3E-8C03-8CF93264ED4D}.Release|x86.ActiveCfg = Release|Any CPU
		{1D4D6E27-C219-4E3E-8C03-8CF93264ED4D}.Release|x86.Build.0 = Release|Any CPU
		{1C3BB943-8C31-409C-8436-D11DA9D672A9}.Debug|Any CPU.ActiveCfg = Debug|Any CPU
		{1C3BB943-8C31-409C-8436-D11DA9D672A9}.Debug|Any CPU.Build.0 = Debug|Any CPU
		{1C3BB943-8C31-409C-8436-D11DA9D672A9}.Debug|x64.ActiveCfg = Debug|Any CPU
		{1C3BB943-8C31-409C-8436-D11DA9D672A9}.Debug|x64.Build.0 = Debug|Any CPU
		{1C3BB943-8C31-409C-8436-D11DA9D672A9}.Debug|x86.ActiveCfg = Debug|Any CPU
		{1C3BB943-8C31-409C-8436-D11DA9D672A9}.Debug|x86.Build.0 = Debug|Any CPU
		{1C3BB943-8C31-409C-8436-D11DA9D672A9}.Release|Any CPU.ActiveCfg = Release|Any CPU
		{1C3BB943-8C31-409C-8436-D11DA9D672A9}.Release|Any CPU.Build.0 = Release|Any CPU
		{1C3BB943-8C31-409C-8436-D11DA9D672A9}.Release|x64.ActiveCfg = Release|Any CPU
		{1C3BB943-8C31-409C-8436-D11DA9D672A9}.Release|x64.Build.0 = Release|Any CPU
		{1C3BB943-8C31-409C-8436-D11DA9D672A9}.Release|x86.ActiveCfg = Release|Any CPU
		{1C3BB943-8C31-409C-8436-D11DA9D672A9}.Release|x86.Build.0 = Release|Any CPU
		{D803F952-A8E6-405F-8B8B-CB00B13697F5}.Debug|Any CPU.ActiveCfg = Debug|Any CPU
		{D803F952-A8E6-405F-8B8B-CB00B13697F5}.Debug|Any CPU.Build.0 = Debug|Any CPU
		{D803F952-A8E6-405F-8B8B-CB00B13697F5}.Debug|x64.ActiveCfg = Debug|Any CPU
		{D803F952-A8E6-405F-8B8B-CB00B13697F5}.Debug|x64.Build.0 = Debug|Any CPU
		{D803F952-A8E6-405F-8B8B-CB00B13697F5}.Debug|x86.ActiveCfg = Debug|Any CPU
		{D803F952-A8E6-405F-8B8B-CB00B13697F5}.Debug|x86.Build.0 = Debug|Any CPU
		{D803F952-A8E6-405F-8B8B-CB00B13697F5}.Release|Any CPU.ActiveCfg = Release|Any CPU
		{D803F952-A8E6-405F-8B8B-CB00B13697F5}.Release|Any CPU.Build.0 = Release|Any CPU
		{D803F952-A8E6-405F-8B8B-CB00B13697F5}.Release|x64.ActiveCfg = Release|Any CPU
		{D803F952-A8E6-405F-8B8B-CB00B13697F5}.Release|x64.Build.0 = Release|Any CPU
		{D803F952-A8E6-405F-8B8B-CB00B13697F5}.Release|x86.ActiveCfg = Release|Any CPU
		{D803F952-A8E6-405F-8B8B-CB00B13697F5}.Release|x86.Build.0 = Release|Any CPU
		{92A7AD95-7D8C-419D-9782-3F4B4B00B8AF}.Debug|Any CPU.ActiveCfg = Debug|Any CPU
		{92A7AD95-7D8C-419D-9782-3F4B4B00B8AF}.Debug|Any CPU.Build.0 = Debug|Any CPU
		{92A7AD95-7D8C-419D-9782-3F4B4B00B8AF}.Debug|x64.ActiveCfg = Debug|Any CPU
		{92A7AD95-7D8C-419D-9782-3F4B4B00B8AF}.Debug|x64.Build.0 = Debug|Any CPU
		{92A7AD95-7D8C-419D-9782-3F4B4B00B8AF}.Debug|x86.ActiveCfg = Debug|Any CPU
		{92A7AD95-7D8C-419D-9782-3F4B4B00B8AF}.Debug|x86.Build.0 = Debug|Any CPU
		{92A7AD95-7D8C-419D-9782-3F4B4B00B8AF}.Release|Any CPU.ActiveCfg = Release|Any CPU
		{92A7AD95-7D8C-419D-9782-3F4B4B00B8AF}.Release|Any CPU.Build.0 = Release|Any CPU
		{92A7AD95-7D8C-419D-9782-3F4B4B00B8AF}.Release|x64.ActiveCfg = Release|Any CPU
		{92A7AD95-7D8C-419D-9782-3F4B4B00B8AF}.Release|x64.Build.0 = Release|Any CPU
		{92A7AD95-7D8C-419D-9782-3F4B4B00B8AF}.Release|x86.ActiveCfg = Release|Any CPU
		{92A7AD95-7D8C-419D-9782-3F4B4B00B8AF}.Release|x86.Build.0 = Release|Any CPU
		{4F97AEEB-0202-4E79-A013-413F4C88D24B}.Debug|Any CPU.ActiveCfg = Debug|Any CPU
		{4F97AEEB-0202-4E79-A013-413F4C88D24B}.Debug|Any CPU.Build.0 = Debug|Any CPU
		{4F97AEEB-0202-4E79-A013-413F4C88D24B}.Debug|x64.ActiveCfg = Debug|Any CPU
		{4F97AEEB-0202-4E79-A013-413F4C88D24B}.Debug|x64.Build.0 = Debug|Any CPU
		{4F97AEEB-0202-4E79-A013-413F4C88D24B}.Debug|x86.ActiveCfg = Debug|Any CPU
		{4F97AEEB-0202-4E79-A013-413F4C88D24B}.Debug|x86.Build.0 = Debug|Any CPU
		{4F97AEEB-0202-4E79-A013-413F4C88D24B}.Release|Any CPU.ActiveCfg = Release|Any CPU
		{4F97AEEB-0202-4E79-A013-413F4C88D24B}.Release|Any CPU.Build.0 = Release|Any CPU
		{4F97AEEB-0202-4E79-A013-413F4C88D24B}.Release|x64.ActiveCfg = Release|Any CPU
		{4F97AEEB-0202-4E79-A013-413F4C88D24B}.Release|x64.Build.0 = Release|Any CPU
		{4F97AEEB-0202-4E79-A013-413F4C88D24B}.Release|x86.ActiveCfg = Release|Any CPU
		{4F97AEEB-0202-4E79-A013-413F4C88D24B}.Release|x86.Build.0 = Release|Any CPU
		{60D3C063-D65C-4776-9578-89CF2384B8B7}.Debug|Any CPU.ActiveCfg = Debug|Any CPU
		{60D3C063-D65C-4776-9578-89CF2384B8B7}.Debug|Any CPU.Build.0 = Debug|Any CPU
		{60D3C063-D65C-4776-9578-89CF2384B8B7}.Debug|x64.ActiveCfg = Debug|Any CPU
		{60D3C063-D65C-4776-9578-89CF2384B8B7}.Debug|x64.Build.0 = Debug|Any CPU
		{60D3C063-D65C-4776-9578-89CF2384B8B7}.Debug|x86.ActiveCfg = Debug|Any CPU
		{60D3C063-D65C-4776-9578-89CF2384B8B7}.Debug|x86.Build.0 = Debug|Any CPU
		{60D3C063-D65C-4776-9578-89CF2384B8B7}.Release|Any CPU.ActiveCfg = Release|Any CPU
		{60D3C063-D65C-4776-9578-89CF2384B8B7}.Release|Any CPU.Build.0 = Release|Any CPU
		{60D3C063-D65C-4776-9578-89CF2384B8B7}.Release|x64.ActiveCfg = Release|Any CPU
		{60D3C063-D65C-4776-9578-89CF2384B8B7}.Release|x64.Build.0 = Release|Any CPU
		{60D3C063-D65C-4776-9578-89CF2384B8B7}.Release|x86.ActiveCfg = Release|Any CPU
		{60D3C063-D65C-4776-9578-89CF2384B8B7}.Release|x86.Build.0 = Release|Any CPU
		{05DE4974-475A-4964-99C8-6193B833C5C1}.Debug|Any CPU.ActiveCfg = Debug|Any CPU
		{05DE4974-475A-4964-99C8-6193B833C5C1}.Debug|Any CPU.Build.0 = Debug|Any CPU
		{05DE4974-475A-4964-99C8-6193B833C5C1}.Debug|x64.ActiveCfg = Debug|Any CPU
		{05DE4974-475A-4964-99C8-6193B833C5C1}.Debug|x64.Build.0 = Debug|Any CPU
		{05DE4974-475A-4964-99C8-6193B833C5C1}.Debug|x86.ActiveCfg = Debug|Any CPU
		{05DE4974-475A-4964-99C8-6193B833C5C1}.Debug|x86.Build.0 = Debug|Any CPU
		{05DE4974-475A-4964-99C8-6193B833C5C1}.Release|Any CPU.ActiveCfg = Release|Any CPU
		{05DE4974-475A-4964-99C8-6193B833C5C1}.Release|Any CPU.Build.0 = Release|Any CPU
		{05DE4974-475A-4964-99C8-6193B833C5C1}.Release|x64.ActiveCfg = Release|Any CPU
		{05DE4974-475A-4964-99C8-6193B833C5C1}.Release|x64.Build.0 = Release|Any CPU
		{05DE4974-475A-4964-99C8-6193B833C5C1}.Release|x86.ActiveCfg = Release|Any CPU
		{05DE4974-475A-4964-99C8-6193B833C5C1}.Release|x86.Build.0 = Release|Any CPU
		{A35EC9FF-05D8-4CF7-A88B-9C9BD5D7A0B9}.Debug|Any CPU.ActiveCfg = Debug|Any CPU
		{A35EC9FF-05D8-4CF7-A88B-9C9BD5D7A0B9}.Debug|Any CPU.Build.0 = Debug|Any CPU
		{A35EC9FF-05D8-4CF7-A88B-9C9BD5D7A0B9}.Debug|x64.ActiveCfg = Debug|Any CPU
		{A35EC9FF-05D8-4CF7-A88B-9C9BD5D7A0B9}.Debug|x64.Build.0 = Debug|Any CPU
		{A35EC9FF-05D8-4CF7-A88B-9C9BD5D7A0B9}.Debug|x86.ActiveCfg = Debug|Any CPU
		{A35EC9FF-05D8-4CF7-A88B-9C9BD5D7A0B9}.Debug|x86.Build.0 = Debug|Any CPU
		{A35EC9FF-05D8-4CF7-A88B-9C9BD5D7A0B9}.Release|Any CPU.ActiveCfg = Release|Any CPU
		{A35EC9FF-05D8-4CF7-A88B-9C9BD5D7A0B9}.Release|Any CPU.Build.0 = Release|Any CPU
		{A35EC9FF-05D8-4CF7-A88B-9C9BD5D7A0B9}.Release|x64.ActiveCfg = Release|Any CPU
		{A35EC9FF-05D8-4CF7-A88B-9C9BD5D7A0B9}.Release|x64.Build.0 = Release|Any CPU
		{A35EC9FF-05D8-4CF7-A88B-9C9BD5D7A0B9}.Release|x86.ActiveCfg = Release|Any CPU
		{A35EC9FF-05D8-4CF7-A88B-9C9BD5D7A0B9}.Release|x86.Build.0 = Release|Any CPU
		{AFE0AF23-D319-474B-B4DD-A410963E5EC8}.Debug|Any CPU.ActiveCfg = Debug|Any CPU
		{AFE0AF23-D319-474B-B4DD-A410963E5EC8}.Debug|Any CPU.Build.0 = Debug|Any CPU
		{AFE0AF23-D319-474B-B4DD-A410963E5EC8}.Debug|x64.ActiveCfg = Debug|Any CPU
		{AFE0AF23-D319-474B-B4DD-A410963E5EC8}.Debug|x64.Build.0 = Debug|Any CPU
		{AFE0AF23-D319-474B-B4DD-A410963E5EC8}.Debug|x86.ActiveCfg = Debug|Any CPU
		{AFE0AF23-D319-474B-B4DD-A410963E5EC8}.Debug|x86.Build.0 = Debug|Any CPU
		{AFE0AF23-D319-474B-B4DD-A410963E5EC8}.Release|Any CPU.ActiveCfg = Release|Any CPU
		{AFE0AF23-D319-474B-B4DD-A410963E5EC8}.Release|Any CPU.Build.0 = Release|Any CPU
		{AFE0AF23-D319-474B-B4DD-A410963E5EC8}.Release|x64.ActiveCfg = Release|Any CPU
		{AFE0AF23-D319-474B-B4DD-A410963E5EC8}.Release|x64.Build.0 = Release|Any CPU
		{AFE0AF23-D319-474B-B4DD-A410963E5EC8}.Release|x86.ActiveCfg = Release|Any CPU
		{AFE0AF23-D319-474B-B4DD-A410963E5EC8}.Release|x86.Build.0 = Release|Any CPU
	EndGlobalSection
	GlobalSection(SolutionProperties) = preSolution
		HideSolutionNode = FALSE
	EndGlobalSection
	GlobalSection(NestedProjects) = preSolution
		{05DE4974-475A-4964-99C8-6193B833C5C1} = {827E0CD3-B72D-47B6-A68D-7590B98EB39B}
		{A35EC9FF-05D8-4CF7-A88B-9C9BD5D7A0B9} = {827E0CD3-B72D-47B6-A68D-7590B98EB39B}
		{AFE0AF23-D319-474B-B4DD-A410963E5EC8} = {827E0CD3-B72D-47B6-A68D-7590B98EB39B}
	EndGlobalSection
EndGlobal
